
Microsoft Visual Studio Solution File, Format Version 12.00
# Visual Studio Version 18
VisualStudioVersion = 18.0.11217.181
MinimumVisualStudioVersion = 10.0.40219.1
Project("{9A19103F-16F7-4668-BE54-9A1E7A4F7556}") = "DietPlanner.Api", "DietPlanner.Api\DietPlanner.Api.csproj", "{CE7B150D-6DD2-4C2E-90A1-D78D1C93C70A}"
EndProject
Project("{9A19103F-16F7-4668-BE54-9A1E7A4F7556}") = "DietPlanner.Api.UnitTests", "DietPlanner.Api.UnitTests\DietPlanner.Api.UnitTests.csproj", "{2F92D425-29E9-4989-A441-3DF8F60C2295}"
EndProject
Project("{9A19103F-16F7-4668-BE54-9A1E7A4F7556}") = "DietPlanner.EmailService", "DietPlanner.EmailService\DietPlanner.EmailService.csproj", "{FBBF966D-3D1A-45C4-B17C-6B9BB2804FC2}"
EndProject
Project("{FAE04EC0-301F-11D3-BF4B-00C04F79EFBC}") = "DietPlanner.Api.Benchmarks", "DietPlanner.Benchmarks\DietPlanner.Api.Benchmarks.csproj", "{B5311036-2A5E-4689-9456-AA85DA28097E}"
EndProject
Project("{FAE04EC0-301F-11D3-BF4B-00C04F79EFBC}") = "DietPlanner.AppHost", "DietPlanner.AppHost\DietPlanner.AppHost.csproj", "{8970C5BE-A435-4975-8AA1-AB2473DC780E}"
EndProject
Project("{2150E333-8FDC-42A3-9474-1A3956D46DE8}") = "src", "src", "{30D753A3-875B-4DBE-8001-B0B4B6E7EC3F}"
EndProject
Project("{2150E333-8FDC-42A3-9474-1A3956D46DE8}") = "Tests", "Tests", "{11D5AC77-1A81-4DBB-971C-8250286C4F60}"
EndProject
Project("{FAE04EC0-301F-11D3-BF4B-00C04F79EFBC}") = "DietPlanner.Infrastructure", "DietPlanner.Infrastructure\DietPlanner.Infrastructure.csproj", "{64F019D6-CD67-4FC7-B4B7-2AACBBBCF167}"
EndProject
Project("{FAE04EC0-301F-11D3-BF4B-00C04F79EFBC}") = "DietPlanner.Application", "DietPlanner.Application\DietPlanner.Application.csproj", "{912DEBFF-941A-4F83-89E5-6A0C3F124689}"
EndProject
Project("{FAE04EC0-301F-11D3-BF4B-00C04F79EFBC}") = "DietPlanner.Domain", "DietPlanner.Domain\DietPlanner.Domain.csproj", "{13440EDB-BE52-4F4C-B4B9-081875836B06}"
EndProject
Global
	GlobalSection(SolutionConfigurationPlatforms) = preSolution
		Debug|Any CPU = Debug|Any CPU
		Release|Any CPU = Release|Any CPU
	EndGlobalSection
	GlobalSection(ProjectConfigurationPlatforms) = postSolution
		{CE7B150D-6DD2-4C2E-90A1-D78D1C93C70A}.Debug|Any CPU.ActiveCfg = Debug|Any CPU
		{CE7B150D-6DD2-4C2E-90A1-D78D1C93C70A}.Debug|Any CPU.Build.0 = Debug|Any CPU
		{CE7B150D-6DD2-4C2E-90A1-D78D1C93C70A}.Release|Any CPU.ActiveCfg = Release|Any CPU
		{CE7B150D-6DD2-4C2E-90A1-D78D1C93C70A}.Release|Any CPU.Build.0 = Release|Any CPU
		{2F92D425-29E9-4989-A441-3DF8F60C2295}.Debug|Any CPU.ActiveCfg = Debug|Any CPU
		{2F92D425-29E9-4989-A441-3DF8F60C2295}.Debug|Any CPU.Build.0 = Debug|Any CPU
		{2F92D425-29E9-4989-A441-3DF8F60C2295}.Release|Any CPU.ActiveCfg = Release|Any CPU
		{2F92D425-29E9-4989-A441-3DF8F60C2295}.Release|Any CPU.Build.0 = Release|Any CPU
		{FBBF966D-3D1A-45C4-B17C-6B9BB2804FC2}.Debug|Any CPU.ActiveCfg = Debug|Any CPU
		{FBBF966D-3D1A-45C4-B17C-6B9BB2804FC2}.Debug|Any CPU.Build.0 = Debug|Any CPU
		{FBBF966D-3D1A-45C4-B17C-6B9BB2804FC2}.Release|Any CPU.ActiveCfg = Release|Any CPU
		{FBBF966D-3D1A-45C4-B17C-6B9BB2804FC2}.Release|Any CPU.Build.0 = Release|Any CPU
		{B5311036-2A5E-4689-9456-AA85DA28097E}.Debug|Any CPU.ActiveCfg = Debug|Any CPU
		{B5311036-2A5E-4689-9456-AA85DA28097E}.Debug|Any CPU.Build.0 = Debug|Any CPU
		{B5311036-2A5E-4689-9456-AA85DA28097E}.Release|Any CPU.ActiveCfg = Release|Any CPU
		{B5311036-2A5E-4689-9456-AA85DA28097E}.Release|Any CPU.Build.0 = Release|Any CPU
		{8970C5BE-A435-4975-8AA1-AB2473DC780E}.Debug|Any CPU.ActiveCfg = Debug|Any CPU
		{8970C5BE-A435-4975-8AA1-AB2473DC780E}.Debug|Any CPU.Build.0 = Debug|Any CPU
		{8970C5BE-A435-4975-8AA1-AB2473DC780E}.Release|Any CPU.ActiveCfg = Release|Any CPU
		{8970C5BE-A435-4975-8AA1-AB2473DC780E}.Release|Any CPU.Build.0 = Release|Any CPU
		{64F019D6-CD67-4FC7-B4B7-2AACBBBCF167}.Debug|Any CPU.ActiveCfg = Debug|Any CPU
		{64F019D6-CD67-4FC7-B4B7-2AACBBBCF167}.Debug|Any CPU.Build.0 = Debug|Any CPU
		{64F019D6-CD67-4FC7-B4B7-2AACBBBCF167}.Release|Any CPU.ActiveCfg = Release|Any CPU
		{64F019D6-CD67-4FC7-B4B7-2AACBBBCF167}.Release|Any CPU.Build.0 = Release|Any CPU
		{912DEBFF-941A-4F83-89E5-6A0C3F124689}.Debug|Any CPU.ActiveCfg = Debug|Any CPU
		{912DEBFF-941A-4F83-89E5-6A0C3F124689}.Debug|Any CPU.Build.0 = Debug|Any CPU
		{912DEBFF-941A-4F83-89E5-6A0C3F124689}.Release|Any CPU.ActiveCfg = Release|Any CPU
		{912DEBFF-941A-4F83-89E5-6A0C3F124689}.Release|Any CPU.Build.0 = Release|Any CPU
		{13440EDB-BE52-4F4C-B4B9-081875836B06}.Debug|Any CPU.ActiveCfg = Debug|Any CPU
		{13440EDB-BE52-4F4C-B4B9-081875836B06}.Debug|Any CPU.Build.0 = Debug|Any CPU
		{13440EDB-BE52-4F4C-B4B9-081875836B06}.Release|Any CPU.ActiveCfg = Release|Any CPU
		{13440EDB-BE52-4F4C-B4B9-081875836B06}.Release|Any CPU.Build.0 = Release|Any CPU
	EndGlobalSection
	GlobalSection(SolutionProperties) = preSolution
		HideSolutionNode = FALSE
	EndGlobalSection
	GlobalSection(NestedProjects) = preSolution
		{CE7B150D-6DD2-4C2E-90A1-D78D1C93C70A} = {30D753A3-875B-4DBE-8001-B0B4B6E7EC3F}
		{2F92D425-29E9-4989-A441-3DF8F60C2295} = {11D5AC77-1A81-4DBB-971C-8250286C4F60}
		{FBBF966D-3D1A-45C4-B17C-6B9BB2804FC2} = {30D753A3-875B-4DBE-8001-B0B4B6E7EC3F}
		{B5311036-2A5E-4689-9456-AA85DA28097E} = {11D5AC77-1A81-4DBB-971C-8250286C4F60}
		{8970C5BE-A435-4975-8AA1-AB2473DC780E} = {30D753A3-875B-4DBE-8001-B0B4B6E7EC3F}
		{64F019D6-CD67-4FC7-B4B7-2AACBBBCF167} = {30D753A3-875B-4DBE-8001-B0B4B6E7EC3F}
		{912DEBFF-941A-4F83-89E5-6A0C3F124689} = {30D753A3-875B-4DBE-8001-B0B4B6E7EC3F}
		{13440EDB-BE52-4F4C-B4B9-081875836B06} = {30D753A3-875B-4DBE-8001-B0B4B6E7EC3F}
	EndGlobalSection
	GlobalSection(ExtensibilityGlobals) = postSolution
		SolutionGuid = {BAAE3706-F308-4C20-92C7-F12083189145}
	EndGlobalSection
EndGlobal
